
Microsoft Visual Studio Solution File, Format Version 12.00
# Visual Studio 15
Project("{FAE04EC0-301F-11D3-BF4B-00C04F79EFBC}") = "Assembly-CSharp", "Assembly-CSharp.csproj", "{6E8E04CA-5BB0-39A5-9A35-BCDD3E9E3680}"
EndProject
Project("{FAE04EC0-301F-11D3-BF4B-00C04F79EFBC}") = "Assembly-CSharp-firstpass", "Assembly-CSharp-firstpass.csproj", "{59886B33-AEF2-7D67-0E37-EE36B3DA7B57}"
EndProject
Project("{FAE04EC0-301F-11D3-BF4B-00C04F79EFBC}") = "Assembly-CSharp-Editor", "Assembly-CSharp-Editor.csproj", "{B8C447CE-7A63-1813-4781-032B8D0B3DB0}"
EndProject
Project("{FAE04EC0-301F-11D3-BF4B-00C04F79EFBC}") = "Assembly-CSharp-Editor-firstpass", "Assembly-CSharp-Editor-firstpass.csproj", "{F6A6042C-C36F-9690-D2DA-3AA58B995308}"
EndProject
Global
	GlobalSection(SolutionConfigurationPlatforms) = preSolution
		Debug|Any CPU = Debug|Any CPU
		Release|Any CPU = Release|Any CPU
	EndGlobalSection
	GlobalSection(ProjectConfigurationPlatforms) = postSolution
		{6E8E04CA-5BB0-39A5-9A35-BCDD3E9E3680}.Debug|Any CPU.ActiveCfg = Debug|Any CPU
		{6E8E04CA-5BB0-39A5-9A35-BCDD3E9E3680}.Debug|Any CPU.Build.0 = Debug|Any CPU
		{6E8E04CA-5BB0-39A5-9A35-BCDD3E9E3680}.Release|Any CPU.ActiveCfg = Release|Any CPU
		{6E8E04CA-5BB0-39A5-9A35-BCDD3E9E3680}.Release|Any CPU.Build.0 = Release|Any CPU
		{59886B33-AEF2-7D67-0E37-EE36B3DA7B57}.Debug|Any CPU.ActiveCfg = Debug|Any CPU
		{59886B33-AEF2-7D67-0E37-EE36B3DA7B57}.Debug|Any CPU.Build.0 = Debug|Any CPU
		{59886B33-AEF2-7D67-0E37-EE36B3DA7B57}.Release|Any CPU.ActiveCfg = Release|Any CPU
		{59886B33-AEF2-7D67-0E37-EE36B3DA7B57}.Release|Any CPU.Build.0 = Release|Any CPU
		{B8C447CE-7A63-1813-4781-032B8D0B3DB0}.Debug|Any CPU.ActiveCfg = Debug|Any CPU
		{B8C447CE-7A63-1813-4781-032B8D0B3DB0}.Debug|Any CPU.Build.0 = Debug|Any CPU
		{B8C447CE-7A63-1813-4781-032B8D0B3DB0}.Release|Any CPU.ActiveCfg = Release|Any CPU
		{B8C447CE-7A63-1813-4781-032B8D0B3DB0}.Release|Any CPU.Build.0 = Release|Any CPU
		{F6A6042C-C36F-9690-D2DA-3AA58B995308}.Debug|Any CPU.ActiveCfg = Debug|Any CPU
		{F6A6042C-C36F-9690-D2DA-3AA58B995308}.Debug|Any CPU.Build.0 = Debug|Any CPU
		{F6A6042C-C36F-9690-D2DA-3AA58B995308}.Release|Any CPU.ActiveCfg = Release|Any CPU
		{F6A6042C-C36F-9690-D2DA-3AA58B995308}.Release|Any CPU.Build.0 = Release|Any CPU
	EndGlobalSection
	GlobalSection(SolutionProperties) = preSolution
		HideSolutionNode = FALSE
	EndGlobalSection
EndGlobal
